// !$*UTF8*$!
{
	archiveVersion = 1;
	classes = {
	};
	objectVersion = 56;
	objects = {

/* Begin PBXBuildFile section */
		ACA77EB1297F1B130004E522 /* AppDelegate.swift in Sources */ = {isa = PBXBuildFile; fileRef = ACA77EB0297F1B130004E522 /* AppDelegate.swift */; };
		ACA77EB3297F1B130004E522 /* SceneDelegate.swift in Sources */ = {isa = PBXBuildFile; fileRef = ACA77EB2297F1B130004E522 /* SceneDelegate.swift */; };
		ACA77EBA297F1B140004E522 /* Assets.xcassets in Resources */ = {isa = PBXBuildFile; fileRef = ACA77EB9297F1B140004E522 /* Assets.xcassets */; };
		ACAFC8CA297FB79D0062F34A /* PayPizzaViewController.swift in Sources */ = {isa = PBXBuildFile; fileRef = ACAFC8C5297FB79D0062F34A /* PayPizzaViewController.swift */; };
		ACAFC8CB297FB79D0062F34A /* PizzaFoodViewController.swift in Sources */ = {isa = PBXBuildFile; fileRef = ACAFC8C6297FB79D0062F34A /* PizzaFoodViewController.swift */; };
		ACAFC8CC297FB79D0062F34A /* RegistrationViewController.swift in Sources */ = {isa = PBXBuildFile; fileRef = ACAFC8C7297FB79D0062F34A /* RegistrationViewController.swift */; };
		ACAFC8CD297FB79D0062F34A /* DescriptionPizza.swift in Sources */ = {isa = PBXBuildFile; fileRef = ACAFC8C8297FB79D0062F34A /* DescriptionPizza.swift */; };
		ACAFC8CE297FB79D0062F34A /* MenuViewController.swift in Sources */ = {isa = PBXBuildFile; fileRef = ACAFC8C9297FB79D0062F34A /* MenuViewController.swift */; };
		ACAFC8E3297FB7C40062F34A /* Extension + UISwitch.swift in Sources */ = {isa = PBXBuildFile; fileRef = ACAFC8DE297FB7C40062F34A /* Extension + UISwitch.swift */; };
		ACAFC8E4297FB7C40062F34A /* Extension + UIImageView.swift in Sources */ = {isa = PBXBuildFile; fileRef = ACAFC8E2297FB7C40062F34A /* Extension + UIImageView.swift */; };
		ACAFC8E5297FB7C40062F34A /* Extension + UILabel.swift in Sources */ = {isa = PBXBuildFile; fileRef = ACAFC8DD297FB7C40062F34A /* Extension + UILabel.swift */; };
		ACAFC8E6297FB7C40062F34A /* Extension + UIStackView.swift in Sources */ = {isa = PBXBuildFile; fileRef = ACAFC8E0297FB7C40062F34A /* Extension + UIStackView.swift */; };
		ACAFC8E7297FB7C40062F34A /* Extension + UITextField.swift in Sources */ = {isa = PBXBuildFile; fileRef = ACAFC8DF297FB7C40062F34A /* Extension + UITextField.swift */; };
		ACAFC8E8297FB7C40062F34A /* Extension + UIButton.swift in Sources */ = {isa = PBXBuildFile; fileRef = ACAFC8E1297FB7C40062F34A /* Extension + UIButton.swift */; };
		ACAFC8F2297FC05C0062F34A /* Validator.swift in Sources */ = {isa = PBXBuildFile; fileRef = ACAFC8F1297FC05C0062F34A /* Validator.swift */; };
/* End PBXBuildFile section */

/* Begin PBXFileReference section */
		ACA77EAD297F1B130004E522 /* Pizza.app */ = {isa = PBXFileReference; explicitFileType = wrapper.application; includeInIndex = 0; path = Pizza.app; sourceTree = BUILT_PRODUCTS_DIR; };
		ACA77EB0297F1B130004E522 /* AppDelegate.swift */ = {isa = PBXFileReference; lastKnownFileType = sourcecode.swift; path = AppDelegate.swift; sourceTree = "<group>"; };
		ACA77EB2297F1B130004E522 /* SceneDelegate.swift */ = {isa = PBXFileReference; lastKnownFileType = sourcecode.swift; path = SceneDelegate.swift; sourceTree = "<group>"; };
		ACA77EB9297F1B140004E522 /* Assets.xcassets */ = {isa = PBXFileReference; lastKnownFileType = folder.assetcatalog; path = Assets.xcassets; sourceTree = "<group>"; };
		ACA77EBE297F1B140004E522 /* Info.plist */ = {isa = PBXFileReference; lastKnownFileType = text.plist.xml; path = Info.plist; sourceTree = "<group>"; };
		ACAFC8C5297FB79D0062F34A /* PayPizzaViewController.swift */ = {isa = PBXFileReference; fileEncoding = 4; lastKnownFileType = sourcecode.swift; path = PayPizzaViewController.swift; sourceTree = "<group>"; };
		ACAFC8C6297FB79D0062F34A /* PizzaFoodViewController.swift */ = {isa = PBXFileReference; fileEncoding = 4; lastKnownFileType = sourcecode.swift; path = PizzaFoodViewController.swift; sourceTree = "<group>"; };
		ACAFC8C7297FB79D0062F34A /* RegistrationViewController.swift */ = {isa = PBXFileReference; fileEncoding = 4; lastKnownFileType = sourcecode.swift; path = RegistrationViewController.swift; sourceTree = "<group>"; };
		ACAFC8C8297FB79D0062F34A /* DescriptionPizza.swift */ = {isa = PBXFileReference; fileEncoding = 4; lastKnownFileType = sourcecode.swift; path = DescriptionPizza.swift; sourceTree = "<group>"; };
		ACAFC8C9297FB79D0062F34A /* MenuViewController.swift */ = {isa = PBXFileReference; fileEncoding = 4; lastKnownFileType = sourcecode.swift; path = MenuViewController.swift; sourceTree = "<group>"; };
		ACAFC8DD297FB7C40062F34A /* Extension + UILabel.swift */ = {isa = PBXFileReference; lastKnownFileType = sourcecode.swift; path = "Extension + UILabel.swift"; sourceTree = "<group>"; };
		ACAFC8DE297FB7C40062F34A /* Extension + UISwitch.swift */ = {isa = PBXFileReference; lastKnownFileType = sourcecode.swift; path = "Extension + UISwitch.swift"; sourceTree = "<group>"; };
		ACAFC8DF297FB7C40062F34A /* Extension + UITextField.swift */ = {isa = PBXFileReference; lastKnownFileType = sourcecode.swift; path = "Extension + UITextField.swift"; sourceTree = "<group>"; };
		ACAFC8E0297FB7C40062F34A /* Extension + UIStackView.swift */ = {isa = PBXFileReference; lastKnownFileType = sourcecode.swift; path = "Extension + UIStackView.swift"; sourceTree = "<group>"; };
		ACAFC8E1297FB7C40062F34A /* Extension + UIButton.swift */ = {isa = PBXFileReference; lastKnownFileType = sourcecode.swift; path = "Extension + UIButton.swift"; sourceTree = "<group>"; };
		ACAFC8E2297FB7C40062F34A /* Extension + UIImageView.swift */ = {isa = PBXFileReference; lastKnownFileType = sourcecode.swift; path = "Extension + UIImageView.swift"; sourceTree = "<group>"; };
		ACAFC8F1297FC05C0062F34A /* Validator.swift */ = {isa = PBXFileReference; lastKnownFileType = sourcecode.swift; path = Validator.swift; sourceTree = "<group>"; };
/* End PBXFileReference section */

/* Begin PBXFrameworksBuildPhase section */
		ACA77EAA297F1B130004E522 /* Frameworks */ = {
			isa = PBXFrameworksBuildPhase;
			buildActionMask = 2147483647;
			files = (
			);
			runOnlyForDeploymentPostprocessing = 0;
		};
/* End PBXFrameworksBuildPhase section */

/* Begin PBXGroup section */
		ACA77EA4297F1B130004E522 = {
			isa = PBXGroup;
			children = (
				ACA77EAF297F1B130004E522 /* Pizza */,
				ACA77EAE297F1B130004E522 /* Products */,
			);
			sourceTree = "<group>";
		};
		ACA77EAE297F1B130004E522 /* Products */ = {
			isa = PBXGroup;
			children = (
				ACA77EAD297F1B130004E522 /* Pizza.app */,
			);
			name = Products;
			sourceTree = "<group>";
		};
		ACA77EAF297F1B130004E522 /* Pizza */ = {
			isa = PBXGroup;
			children = (
				ACAFC8E9297FB7F10062F34A /* Supporting */,
				ACAFC8C4297FB79D0062F34A /* Controllers */,
				ACAFC8F3297FC30E0062F34A /* Others */,
				ACAFC8EE297FC04D0062F34A /* Model */,
				ACAFC8DC297FB7C40062F34A /* Extensions */,
			);
			path = Pizza;
			sourceTree = "<group>";
		};
		ACAFC8C4297FB79D0062F34A /* Controllers */ = {
			isa = PBXGroup;
			children = (
				ACAFC8C7297FB79D0062F34A /* RegistrationViewController.swift */,
				ACAFC8C9297FB79D0062F34A /* MenuViewController.swift */,
				ACAFC8C6297FB79D0062F34A /* PizzaFoodViewController.swift */,
				ACAFC8C8297FB79D0062F34A /* DescriptionPizza.swift */,
				ACAFC8C5297FB79D0062F34A /* PayPizzaViewController.swift */,
			);
			name = Controllers;
			path = ../../Autharization/Autharization/Controllers;
			sourceTree = "<group>";
		};
		ACAFC8DC297FB7C40062F34A /* Extensions */ = {
			isa = PBXGroup;
			children = (
				ACAFC8E1297FB7C40062F34A /* Extension + UIButton.swift */,
				ACAFC8E0297FB7C40062F34A /* Extension + UIStackView.swift */,
				ACAFC8DD297FB7C40062F34A /* Extension + UILabel.swift */,
				ACAFC8DE297FB7C40062F34A /* Extension + UISwitch.swift */,
				ACAFC8DF297FB7C40062F34A /* Extension + UITextField.swift */,
				ACAFC8E2297FB7C40062F34A /* Extension + UIImageView.swift */,
			);
			path = Extensions;
			sourceTree = "<group>";
		};
		ACAFC8E9297FB7F10062F34A /* Supporting */ = {
			isa = PBXGroup;
			children = (
				ACA77EB0297F1B130004E522 /* AppDelegate.swift */,
				ACA77EB2297F1B130004E522 /* SceneDelegate.swift */,
			);
			path = Supporting;
			sourceTree = "<group>";
		};
		ACAFC8EE297FC04D0062F34A /* Model */ = {
			isa = PBXGroup;
			children = (
				ACAFC8F1297FC05C0062F34A /* Validator.swift */,
			);
			path = Model;
			sourceTree = "<group>";
		};
		ACAFC8F3297FC30E0062F34A /* Others */ = {
			isa = PBXGroup;
			children = (
				ACA77EB9297F1B140004E522 /* Assets.xcassets */,
				ACA77EBE297F1B140004E522 /* Info.plist */,
			);
			path = Others;
			sourceTree = "<group>";
		};
/* End PBXGroup section */

/* Begin PBXNativeTarget section */
		ACA77EAC297F1B130004E522 /* Pizza */ = {
			isa = PBXNativeTarget;
			buildConfigurationList = ACA77EC1297F1B140004E522 /* Build configuration list for PBXNativeTarget "Pizza" */;
			buildPhases = (
				ACA77EA9297F1B130004E522 /* Sources */,
				ACA77EAA297F1B130004E522 /* Frameworks */,
				ACA77EAB297F1B130004E522 /* Resources */,
			);
			buildRules = (
			);
			dependencies = (
			);
			name = Pizza;
			productName = Pizza;
			productReference = ACA77EAD297F1B130004E522 /* Pizza.app */;
			productType = "com.apple.product-type.application";
		};
/* End PBXNativeTarget section */

/* Begin PBXProject section */
		ACA77EA5297F1B130004E522 /* Project object */ = {
			isa = PBXProject;
			attributes = {
				BuildIndependentTargetsInParallel = 1;
				LastSwiftUpdateCheck = 1400;
				LastUpgradeCheck = 1400;
				TargetAttributes = {
					ACA77EAC297F1B130004E522 = {
						CreatedOnToolsVersion = 14.0.1;
					};
				};
			};
			buildConfigurationList = ACA77EA8297F1B130004E522 /* Build configuration list for PBXProject "Pizza" */;
			compatibilityVersion = "Xcode 14.0";
			developmentRegion = en;
			hasScannedForEncodings = 0;
			knownRegions = (
				en,
				Base,
			);
			mainGroup = ACA77EA4297F1B130004E522;
			productRefGroup = ACA77EAE297F1B130004E522 /* Products */;
			projectDirPath = "";
			projectRoot = "";
			targets = (
				ACA77EAC297F1B130004E522 /* Pizza */,
			);
		};
/* End PBXProject section */

/* Begin PBXResourcesBuildPhase section */
		ACA77EAB297F1B130004E522 /* Resources */ = {
			isa = PBXResourcesBuildPhase;
			buildActionMask = 2147483647;
			files = (
				ACA77EBA297F1B140004E522 /* Assets.xcassets in Resources */,
			);
			runOnlyForDeploymentPostprocessing = 0;
		};
/* End PBXResourcesBuildPhase section */

/* Begin PBXSourcesBuildPhase section */
		ACA77EA9297F1B130004E522 /* Sources */ = {
			isa = PBXSourcesBuildPhase;
			buildActionMask = 2147483647;
			files = (
				ACAFC8F2297FC05C0062F34A /* Validator.swift in Sources */,
				ACAFC8CD297FB79D0062F34A /* DescriptionPizza.swift in Sources */,
				ACAFC8CC297FB79D0062F34A /* RegistrationViewController.swift in Sources */,
				ACAFC8CB297FB79D0062F34A /* PizzaFoodViewController.swift in Sources */,
				ACAFC8E7297FB7C40062F34A /* Extension + UITextField.swift in Sources */,
				ACAFC8E5297FB7C40062F34A /* Extension + UILabel.swift in Sources */,
				ACAFC8E6297FB7C40062F34A /* Extension + UIStackView.swift in Sources */,
				ACA77EB1297F1B130004E522 /* AppDelegate.swift in Sources */,
				ACAFC8CA297FB79D0062F34A /* PayPizzaViewController.swift in Sources */,
				ACAFC8E8297FB7C40062F34A /* Extension + UIButton.swift in Sources */,
				ACA77EB3297F1B130004E522 /* SceneDelegate.swift in Sources */,
				ACAFC8CE297FB79D0062F34A /* MenuViewController.swift in Sources */,
				ACAFC8E3297FB7C40062F34A /* Extension + UISwitch.swift in Sources */,
				ACAFC8E4297FB7C40062F34A /* Extension + UIImageView.swift in Sources */,
			);
			runOnlyForDeploymentPostprocessing = 0;
		};
/* End PBXSourcesBuildPhase section */

/* Begin XCBuildConfiguration section */
		ACA77EBF297F1B140004E522 /* Debug */ = {
			isa = XCBuildConfiguration;
			buildSettings = {
				ALWAYS_SEARCH_USER_PATHS = NO;
				CLANG_ANALYZER_NONNULL = YES;
				CLANG_ANALYZER_NUMBER_OBJECT_CONVERSION = YES_AGGRESSIVE;
				CLANG_CXX_LANGUAGE_STANDARD = "gnu++20";
				CLANG_ENABLE_MODULES = YES;
				CLANG_ENABLE_OBJC_ARC = YES;
				CLANG_ENABLE_OBJC_WEAK = YES;
				CLANG_WARN_BLOCK_CAPTURE_AUTORELEASING = YES;
				CLANG_WARN_BOOL_CONVERSION = YES;
				CLANG_WARN_COMMA = YES;
				CLANG_WARN_CONSTANT_CONVERSION = YES;
				CLANG_WARN_DEPRECATED_OBJC_IMPLEMENTATIONS = YES;
				CLANG_WARN_DIRECT_OBJC_ISA_USAGE = YES_ERROR;
				CLANG_WARN_DOCUMENTATION_COMMENTS = YES;
				CLANG_WARN_EMPTY_BODY = YES;
				CLANG_WARN_ENUM_CONVERSION = YES;
				CLANG_WARN_INFINITE_RECURSION = YES;
				CLANG_WARN_INT_CONVERSION = YES;
				CLANG_WARN_NON_LITERAL_NULL_CONVERSION = YES;
				CLANG_WARN_OBJC_IMPLICIT_RETAIN_SELF = YES;
				CLANG_WARN_OBJC_LITERAL_CONVERSION = YES;
				CLANG_WARN_OBJC_ROOT_CLASS = YES_ERROR;
				CLANG_WARN_QUOTED_INCLUDE_IN_FRAMEWORK_HEADER = YES;
				CLANG_WARN_RANGE_LOOP_ANALYSIS = YES;
				CLANG_WARN_STRICT_PROTOTYPES = YES;
				CLANG_WARN_SUSPICIOUS_MOVE = YES;
				CLANG_WARN_UNGUARDED_AVAILABILITY = YES_AGGRESSIVE;
				CLANG_WARN_UNREACHABLE_CODE = YES;
				CLANG_WARN__DUPLICATE_METHOD_MATCH = YES;
				COPY_PHASE_STRIP = NO;
				DEBUG_INFORMATION_FORMAT = dwarf;
				ENABLE_STRICT_OBJC_MSGSEND = YES;
				ENABLE_TESTABILITY = YES;
				GCC_C_LANGUAGE_STANDARD = gnu11;
				GCC_DYNAMIC_NO_PIC = NO;
				GCC_NO_COMMON_BLOCKS = YES;
				GCC_OPTIMIZATION_LEVEL = 0;
				GCC_PREPROCESSOR_DEFINITIONS = (
					"DEBUG=1",
					"$(inherited)",
				);
				GCC_WARN_64_TO_32_BIT_CONVERSION = YES;
				GCC_WARN_ABOUT_RETURN_TYPE = YES_ERROR;
				GCC_WARN_UNDECLARED_SELECTOR = YES;
				GCC_WARN_UNINITIALIZED_AUTOS = YES_AGGRESSIVE;
				GCC_WARN_UNUSED_FUNCTION = YES;
				GCC_WARN_UNUSED_VARIABLE = YES;
				IPHONEOS_DEPLOYMENT_TARGET = 16.0;
				MTL_ENABLE_DEBUG_INFO = INCLUDE_SOURCE;
				MTL_FAST_MATH = YES;
				ONLY_ACTIVE_ARCH = YES;
				SDKROOT = iphoneos;
				SWIFT_ACTIVE_COMPILATION_CONDITIONS = DEBUG;
				SWIFT_OPTIMIZATION_LEVEL = "-Onone";
			};
			name = Debug;
		};
		ACA77EC0297F1B140004E522 /* Release */ = {
			isa = XCBuildConfiguration;
			buildSettings = {
				ALWAYS_SEARCH_USER_PATHS = NO;
				CLANG_ANALYZER_NONNULL = YES;
				CLANG_ANALYZER_NUMBER_OBJECT_CONVERSION = YES_AGGRESSIVE;
				CLANG_CXX_LANGUAGE_STANDARD = "gnu++20";
				CLANG_ENABLE_MODULES = YES;
				CLANG_ENABLE_OBJC_ARC = YES;
				CLANG_ENABLE_OBJC_WEAK = YES;
				CLANG_WARN_BLOCK_CAPTURE_AUTORELEASING = YES;
				CLANG_WARN_BOOL_CONVERSION = YES;
				CLANG_WARN_COMMA = YES;
				CLANG_WARN_CONSTANT_CONVERSION = YES;
				CLANG_WARN_DEPRECATED_OBJC_IMPLEMENTATIONS = YES;
				CLANG_WARN_DIRECT_OBJC_ISA_USAGE = YES_ERROR;
				CLANG_WARN_DOCUMENTATION_COMMENTS = YES;
				CLANG_WARN_EMPTY_BODY = YES;
				CLANG_WARN_ENUM_CONVERSION = YES;
				CLANG_WARN_INFINITE_RECURSION = YES;
				CLANG_WARN_INT_CONVERSION = YES;
				CLANG_WARN_NON_LITERAL_NULL_CONVERSION = YES;
				CLANG_WARN_OBJC_IMPLICIT_RETAIN_SELF = YES;
				CLANG_WARN_OBJC_LITERAL_CONVERSION = YES;
				CLANG_WARN_OBJC_ROOT_CLASS = YES_ERROR;
				CLANG_WARN_QUOTED_INCLUDE_IN_FRAMEWORK_HEADER = YES;
				CLANG_WARN_RANGE_LOOP_ANALYSIS = YES;
				CLANG_WARN_STRICT_PROTOTYPES = YES;
				CLANG_WARN_SUSPICIOUS_MOVE = YES;
				CLANG_WARN_UNGUARDED_AVAILABILITY = YES_AGGRESSIVE;
				CLANG_WARN_UNREACHABLE_CODE = YES;
				CLANG_WARN__DUPLICATE_METHOD_MATCH = YES;
				COPY_PHASE_STRIP = NO;
				DEBUG_INFORMATION_FORMAT = "dwarf-with-dsym";
				ENABLE_NS_ASSERTIONS = NO;
				ENABLE_STRICT_OBJC_MSGSEND = YES;
				GCC_C_LANGUAGE_STANDARD = gnu11;
				GCC_NO_COMMON_BLOCKS = YES;
				GCC_WARN_64_TO_32_BIT_CONVERSION = YES;
				GCC_WARN_ABOUT_RETURN_TYPE = YES_ERROR;
				GCC_WARN_UNDECLARED_SELECTOR = YES;
				GCC_WARN_UNINITIALIZED_AUTOS = YES_AGGRESSIVE;
				GCC_WARN_UNUSED_FUNCTION = YES;
				GCC_WARN_UNUSED_VARIABLE = YES;
				IPHONEOS_DEPLOYMENT_TARGET = 16.0;
				MTL_ENABLE_DEBUG_INFO = NO;
				MTL_FAST_MATH = YES;
				SDKROOT = iphoneos;
				SWIFT_COMPILATION_MODE = wholemodule;
				SWIFT_OPTIMIZATION_LEVEL = "-O";
				VALIDATE_PRODUCT = YES;
			};
			name = Release;
		};
		ACA77EC2297F1B140004E522 /* Debug */ = {
			isa = XCBuildConfiguration;
			buildSettings = {
				ASSETCATALOG_COMPILER_APPICON_NAME = AppIcon;
				ASSETCATALOG_COMPILER_GLOBAL_ACCENT_COLOR_NAME = AccentColor;
				CODE_SIGN_STYLE = Automatic;
				CURRENT_PROJECT_VERSION = 1;
				GENERATE_INFOPLIST_FILE = YES;
				INFOPLIST_FILE = Pizza/Others/Info.plist;
				INFOPLIST_KEY_UIApplicationSupportsIndirectInputEvents = YES;
				INFOPLIST_KEY_UILaunchStoryboardName = LaunchScreen;
				INFOPLIST_KEY_UISupportedInterfaceOrientations_iPad = "UIInterfaceOrientationPortrait UIInterfaceOrientationPortraitUpsideDown UIInterfaceOrientationLandscapeLeft UIInterfaceOrientationLandscapeRight";
				INFOPLIST_KEY_UISupportedInterfaceOrientations_iPhone = "UIInterfaceOrientationPortrait UIInterfaceOrientationLandscapeLeft UIInterfaceOrientationLandscapeRight";
				LD_RUNPATH_SEARCH_PATHS = (
					"$(inherited)",
					"@executable_path/Frameworks",
				);
				MARKETING_VERSION = 1.0;
				PRODUCT_BUNDLE_IDENTIFIER = Artemka.Pizza;
				PRODUCT_NAME = "$(TARGET_NAME)";
				SWIFT_EMIT_LOC_STRINGS = YES;
				SWIFT_VERSION = 5.0;
				TARGETED_DEVICE_FAMILY = "1,2";
			};
			name = Debug;
		};
		ACA77EC3297F1B140004E522 /* Release */ = {
			isa = XCBuildConfiguration;
			buildSettings = {
				ASSETCATALOG_COMPILER_APPICON_NAME = AppIcon;
				ASSETCATALOG_COMPILER_GLOBAL_ACCENT_COLOR_NAME = AccentColor;
				CODE_SIGN_STYLE = Automatic;
				CURRENT_PROJECT_VERSION = 1;
				GENERATE_INFOPLIST_FILE = YES;
				INFOPLIST_FILE = Pizza/Others/Info.plist;
				INFOPLIST_KEY_UIApplicationSupportsIndirectInputEvents = YES;
				INFOPLIST_KEY_UILaunchStoryboardName = LaunchScreen;
				INFOPLIST_KEY_UISupportedInterfaceOrientations_iPad = "UIInterfaceOrientationPortrait UIInterfaceOrientationPortraitUpsideDown UIInterfaceOrientationLandscapeLeft UIInterfaceOrientationLandscapeRight";
				INFOPLIST_KEY_UISupportedInterfaceOrientations_iPhone = "UIInterfaceOrientationPortrait UIInterfaceOrientationLandscapeLeft UIInterfaceOrientationLandscapeRight";
				LD_RUNPATH_SEARCH_PATHS = (
					"$(inherited)",
					"@executable_path/Frameworks",
				);
				MARKETING_VERSION = 1.0;
				PRODUCT_BUNDLE_IDENTIFIER = Artemka.Pizza;
				PRODUCT_NAME = "$(TARGET_NAME)";
				SWIFT_EMIT_LOC_STRINGS = YES;
				SWIFT_VERSION = 5.0;
				TARGETED_DEVICE_FAMILY = "1,2";
			};
			name = Release;
		};
/* End XCBuildConfiguration section */

/* Begin XCConfigurationList section */
		ACA77EA8297F1B130004E522 /* Build configuration list for PBXProject "Pizza" */ = {
			isa = XCConfigurationList;
			buildConfigurations = (
				ACA77EBF297F1B140004E522 /* Debug */,
				ACA77EC0297F1B140004E522 /* Release */,
			);
			defaultConfigurationIsVisible = 0;
			defaultConfigurationName = Release;
		};
		ACA77EC1297F1B140004E522 /* Build configuration list for PBXNativeTarget "Pizza" */ = {
			isa = XCConfigurationList;
			buildConfigurations = (
				ACA77EC2297F1B140004E522 /* Debug */,
				ACA77EC3297F1B140004E522 /* Release */,
			);
			defaultConfigurationIsVisible = 0;
			defaultConfigurationName = Release;
		};
/* End XCConfigurationList section */
	};
	rootObject = ACA77EA5297F1B130004E522 /* Project object */;
}
